#MicroXplorer Configuration settings - do not modify
Mcu.Family=STM32F1
ProjectManager.MainLocation=Core/Src
RCC.MCOFreq_Value=8000000
ProjectManager.ProjectFileName=code.ioc
ProjectManager.KeepUserCode=true
Mcu.UserName=STM32F103R6Tx
Mcu.PinsNb=4
ProjectManager.NoMain=false
RCC.PLLCLKFreq_Value=8000000
ProjectManager.functionlistsort=1-MX_GPIO_Init-GPIO-false-HAL-true,2-SystemClock_Config-RCC-false-HAL-false
PC0.GPIOParameters=GPIO_PuPd,GPIO_ModeDefaultEXTI
SH.GPXTI0.ConfNb=1
RCC.ADCFreqValue=4000000
ProjectManager.DefaultFWLocation=true
NVIC.TIM1_UP_IRQn=true\:0\:0\:false\:false\:true\:false\:true
ProjectManager.DeletePrevious=true
PC0.Signal=GPXTI0
PC1.Locked=true
VP_SYS_VS_ND.Mode=No_Debug
PinOutPanel.RotationAngle=0
RCC.FamilyName=M
ProjectManager.StackSize=0x400
RCC.FCLKCortexFreq_Value=8000000
Mcu.IP2=SYS
NVIC.SVCall_IRQn=true\:2\:0\:true\:false\:true\:false\:false
Mcu.IP0=NVIC
Mcu.IP1=RCC
Mcu.UserConstants=
ProjectManager.TargetToolchain=Makefile
PC1.GPIOParameters=GPIO_Speed,GPIO_PuPd,GPIO_ModeDefaultOutputPP
Mcu.ThirdPartyNb=0
RCC.HCLKFreq_Value=8000000
Mcu.IPNb=3
ProjectManager.PreviousToolchain=
RCC.APB2TimFreq_Value=8000000
ProjectManager.RegisterCallBack=
RCC.AHBFreq_Value=8000000
Mcu.Pin0=PC0
Mcu.Pin1=PC1
GPIO.groupedBy=Group By Peripherals
Mcu.Pin2=VP_SYS_VS_ND
Mcu.Pin3=VP_SYS_VS_tim1
ProjectManager.ProjectBuild=false
RCC.HSE_VALUE=4000000
NVIC.UsageFault_IRQn=true\:2\:0\:true\:false\:true\:false\:false
NVIC.DebugMonitor_IRQn=true\:2\:0\:true\:false\:true\:false\:false
board=custom
PC1.GPIO_PuPd=GPIO_PULLUP
NVIC.SysTick_IRQn=true\:0\:0\:false\:false\:true\:false\:true
ProjectManager.LastFirmware=true
ProjectManager.FirmwarePackage=STM32Cube FW_F1 V1.8.3
MxDb.Version=DB.6.0.0
RCC.APB2Freq_Value=8000000
ProjectManager.BackupPrevious=false
MxCube.Version=6.0.0
VP_SYS_VS_tim1.Signal=SYS_VS_tim1
VP_SYS_VS_tim1.Mode=TIM1
File.Version=6
VP_SYS_VS_ND.Signal=SYS_VS_ND
PC1.GPIO_Speed=GPIO_SPEED_FREQ_LOW
NVIC.NonMaskableInt_IRQn=true\:0\:0\:false\:false\:true\:false\:false
NVIC.PendSV_IRQn=true\:2\:0\:true\:false\:true\:false\:false
ProjectManager.FreePins=false
RCC.IPParameters=ADCFreqValue,AHBFreq_Value,APB1Freq_Value,APB1TimFreq_Value,APB2Freq_Value,APB2TimFreq_Value,FCLKCortexFreq_Value,FamilyName,HCLKFreq_Value,HSE_VALUE,MCOFreq_Value,PLLCLKFreq_Value,PLLMCOFreq_Value,SYSCLKFreq_VALUE,TimSysFreq_Value
ProjectManager.AskForMigrate=true
Mcu.Name=STM32F103R(4-6)Tx
ProjectManager.HalAssertFull=false
ProjectManager.ProjectName=code
ProjectManager.UnderRoot=false
PC0.GPIO_ModeDefaultEXTI=GPIO_MODE_IT_FALLING
RCC.PLLMCOFreq_Value=4000000
ProjectManager.CoupleFile=true
NVIC.EXTI0_IRQn=true\:0\:0\:false\:false\:true\:true\:true
RCC.SYSCLKFreq_VALUE=8000000
Mcu.Package=LQFP64
RCC.TimSysFreq_Value=8000000
NVIC.TimeBase=TIM1_UP_IRQn
NVIC.ForceEnableDMAVector=true
KeepUserPlacement=false
NVIC.MemoryManagement_IRQn=true\:2\:0\:true\:false\:true\:false\:false
ProjectManager.CompilerOptimize=6
ProjectManager.ToolChainLocation=
SH.GPXTI0.0=GPIO_EXTI0
NVIC.TimeBaseIP=TIM1
ProjectManager.HeapSize=0x200
NVIC.HardFault_IRQn=true\:0\:0\:false\:false\:true\:false\:false
ProjectManager.ComputerToolchain=false
PC1.GPIO_ModeDefaultOutputPP=GPIO_MODE_OUTPUT_PP
NVIC.PriorityGroup=NVIC_PRIORITYGROUP_2
RCC.APB1TimFreq_Value=8000000
NVIC.BusFault_IRQn=true\:2\:0\:true\:false\:true\:false\:false
PC0.GPIO_PuPd=GPIO_PULLUP
RCC.APB1Freq_Value=8000000
ProjectManager.CustomerFirmwarePackage=
PC0.Locked=true
ProjectManager.DeviceId=STM32F103R6Tx
PC1.Signal=GPIO_Output
ProjectManager.LibraryCopy=0
