#MicroXplorer Configuration settings - do not modify
Mcu.Family=STM32F1
SH.GPXTI10.0=GPIO_EXTI10
ProjectManager.MainLocation=Core/Src
PB13.GPIOParameters=GPIO_PuPd
ProjectManager.ProjectFileName=code.ioc
ProjectManager.KeepUserCode=true
Mcu.UserName=STM32F103R6Tx
Mcu.PinsNb=24
ProjectManager.NoMain=false
PC11.Locked=true
TIM1.IPParameters=Prescaler,Period,Channel-Input_Capture1_from_TI1
PC10.Locked=true
RCC.PLLCLKFreq_Value=8000000
PC10.Signal=GPIO_Output
PC11.Signal=GPIO_Output
PC5.Locked=true
PC7.Locked=true
ProjectManager.functionlistsort=1-MX_GPIO_Init-GPIO-false-HAL-true,2-SystemClock_Config-RCC-false-HAL-false,3-MX_TIM1_Init-TIM1-false-HAL-true,4-MX_TIM3_Init-TIM3-false-HAL-true
PC8.Signal=GPIO_Output
PC4.Signal=GPIO_Output
PC2.Signal=GPIO_Output
PC6.Signal=GPIO_Output
PC3.Locked=true
PC9.Locked=true
ProjectManager.DefaultFWLocation=true
NVIC.TIM1_UP_IRQn=true\:0\:0\:false\:false\:true\:true\:true
TIM3.Pulse-Output\ Compare1\ CH1=3999
PB12.Locked=true
ProjectManager.DeletePrevious=true
PB11.GPIO_PuPd=GPIO_NOPULL
SH.S_TIM1_CH1.ConfNb=1
PC0.Signal=GPIO_Output
PB14.Locked=true
PB10.Locked=true
PC1.Locked=true
PB11.Signal=GPXTI11
PB13.Signal=GPIO_Output
PB15.Signal=GPIO_Output
VP_SYS_VS_ND.Mode=No_Debug
PinOutPanel.RotationAngle=0
RCC.FamilyName=M
ProjectManager.StackSize=0x400
Mcu.IP4=TIM3
NVIC.SVCall_IRQn=true\:0\:0\:false\:false\:true\:false\:false
Mcu.IP2=SYS
Mcu.IP3=TIM1
Mcu.IP0=NVIC
Mcu.IP1=RCC
TIM1.Prescaler=999
SH.S_TIM1_CH1.0=TIM1_CH1,Input_Capture1_from_TI1
Mcu.UserConstants=
ProjectManager.TargetToolchain=Makefile
Mcu.ThirdPartyNb=0
Mcu.IPNb=5
ProjectManager.PreviousToolchain=
PC6.Locked=true
TIM3.Period=15999
VP_TIM1_VS_ClockSourceINT.Signal=TIM1_VS_ClockSourceINT
PC7.Signal=GPIO_Output
PB11.GPIOParameters=GPIO_PuPd,GPIO_ModeDefaultEXTI
PC3.Signal=GPIO_Output
Mcu.Pin6=PC5
PC2.Locked=true
Mcu.Pin7=PB10
ProjectManager.RegisterCallBack=
Mcu.Pin8=PB11
Mcu.Pin9=PB12
VP_TIM3_VS_ClockSourceINT.Signal=TIM3_VS_ClockSourceINT
PB13.Locked=true
Mcu.Pin0=PC0
Mcu.Pin1=PC1
TIM3.Channel-Output\ Compare1\ CH1=TIM_CHANNEL_1
GPIO.groupedBy=Group By Peripherals
Mcu.Pin2=PC2
PB10.Signal=GPXTI10
Mcu.Pin3=PC3
Mcu.Pin4=PA6
NVIC.EXTI15_10_IRQn=true\:0\:0\:false\:false\:true\:true\:true
Mcu.Pin5=PC4
PB14.Signal=GPIO_Output
ProjectManager.ProjectBuild=false
NVIC.UsageFault_IRQn=true\:0\:0\:false\:false\:true\:false\:false
NVIC.DebugMonitor_IRQn=true\:0\:0\:false\:false\:true\:false\:false
board=custom
NVIC.SysTick_IRQn=true\:0\:0\:false\:false\:true\:false\:true
ProjectManager.LastFirmware=true
NVIC.TIM3_IRQn=true\:0\:0\:false\:false\:true\:true\:true
PB13.GPIO_PuPd=GPIO_PULLUP
ProjectManager.FirmwarePackage=STM32Cube FW_F1 V1.8.4
MxDb.Version=DB.6.0.10
RCC.APB2Freq_Value=8000000
ProjectManager.BackupPrevious=false
MxCube.Version=6.1.2
TIM3.OCMode_1=TIM_OCMODE_TOGGLE
TIM3.Prescaler=999
File.Version=6
VP_SYS_VS_Systick.Mode=SysTick
VP_SYS_VS_ND.Signal=SYS_VS_ND
TIM3.IPParameters=Channel-Output Compare1 CH1,Prescaler,Period,OCMode_1,Pulse-Output Compare1 CH1
PA8.Signal=S_TIM1_CH1
NVIC.NonMaskableInt_IRQn=true\:0\:0\:false\:false\:true\:false\:false
SH.GPXTI11.ConfNb=1
NVIC.PendSV_IRQn=true\:0\:0\:false\:false\:true\:false\:false
SH.S_TIM3_CH1.0=TIM3_CH1,Output Compare1 CH1
PB15.GPIOParameters=GPIO_PuPd
ProjectManager.FreePins=false
PB10.GPIO_ModeDefaultEXTI=GPIO_MODE_IT_RISING_FALLING
RCC.IPParameters=APB1Freq_Value,APB2Freq_Value,FamilyName,PLLCLKFreq_Value,PLLMCOFreq_Value,TimSysFreq_Value
ProjectManager.AskForMigrate=true
Mcu.Name=STM32F103R(4-6)Tx
ProjectManager.HalAssertFull=false
VP_TIM1_VS_ClockSourceINT.Mode=Internal
ProjectManager.ProjectName=code
ProjectManager.UnderRoot=false
NVIC.TIM1_CC_IRQn=true\:0\:0\:false\:false\:true\:true\:true
RCC.PLLMCOFreq_Value=4000000
ProjectManager.CoupleFile=true
Mcu.Package=LQFP64
Mcu.Pin22=VP_TIM1_VS_ClockSourceINT
PA6.Signal=S_TIM3_CH1
PB14.GPIO_PuPd=GPIO_PULLUP
Mcu.Pin23=VP_TIM3_VS_ClockSourceINT
RCC.TimSysFreq_Value=8000000
Mcu.Pin20=VP_SYS_VS_ND
Mcu.Pin21=VP_SYS_VS_Systick
SH.GPXTI11.0=GPIO_EXTI11
NVIC.ForceEnableDMAVector=true
KeepUserPlacement=false
PB15.GPIO_PuPd=GPIO_PULLUP
TIM1.Channel-Input_Capture1_from_TI1=TIM_CHANNEL_1
NVIC.MemoryManagement_IRQn=true\:0\:0\:false\:false\:true\:false\:false
ProjectManager.CompilerOptimize=6
ProjectManager.ToolChainLocation=
PB11.GPIO_ModeDefaultEXTI=GPIO_MODE_IT_FALLING
VP_SYS_VS_Systick.Signal=SYS_VS_Systick
ProjectManager.HeapSize=0x200
Mcu.Pin15=PC8
NVIC.HardFault_IRQn=true\:0\:0\:false\:false\:true\:false\:false
Mcu.Pin16=PC9
Mcu.Pin13=PC6
Mcu.Pin14=PC7
PB14.GPIOParameters=GPIO_PuPd
Mcu.Pin19=PC11
SH.S_TIM3_CH1.ConfNb=1
ProjectManager.ComputerToolchain=false
Mcu.Pin17=PA8
Mcu.Pin18=PC10
NVIC.PriorityGroup=NVIC_PRIORITYGROUP_4
Mcu.Pin11=PB14
Mcu.Pin12=PB15
Mcu.Pin10=PB13
SH.GPXTI10.ConfNb=1
NVIC.BusFault_IRQn=true\:0\:0\:false\:false\:true\:false\:false
PC4.Locked=true
PC8.Locked=true
PC5.Signal=GPIO_Output
TIM1.Period=79
PB10.GPIOParameters=GPIO_ModeDefaultEXTI
PC9.Signal=GPIO_Output
PB12.GPIO_PuPd=GPIO_PULLUP
RCC.APB1Freq_Value=8000000
ProjectManager.CustomerFirmwarePackage=
PC0.Locked=true
PB11.Locked=true
VP_TIM3_VS_ClockSourceINT.Mode=Internal
ProjectManager.DeviceId=STM32F103R6Tx
PC1.Signal=GPIO_Output
PB12.GPIOParameters=GPIO_PuPd
PB12.Signal=GPIO_Output
ProjectManager.LibraryCopy=1
PB15.Locked=true
